
Microsoft Visual Studio Solution File, Format Version 12.00
# Visual Studio Version 16
VisualStudioVersion = 16.0.31702.278
MinimumVisualStudioVersion = 10.0.40219.1
Project("{FAE04EC0-301F-11D3-BF4B-00C04F79EFBC}") = "ValidaSenha", "ValidaSenha\ValidaSenha.csproj", "{CD20CCB8-7367-4993-B7EB-58DE9DCDE696}"
EndProject
Project("{FAE04EC0-301F-11D3-BF4B-00C04F79EFBC}") = "ValidaSenhaUnitTest", "tests\ValidaSenhaUnitTest\ValidaSenhaUnitTest.csproj", "{25B8DF8B-EC1C-4E3C-927A-842A01A1AF7C}"
EndProject
Global
	GlobalSection(SolutionConfigurationPlatforms) = preSolution
		Debug|Any CPU = Debug|Any CPU
		Release|Any CPU = Release|Any CPU
	EndGlobalSection
	GlobalSection(ProjectConfigurationPlatforms) = postSolution
		{CD20CCB8-7367-4993-B7EB-58DE9DCDE696}.Debug|Any CPU.ActiveCfg = Debug|Any CPU
		{CD20CCB8-7367-4993-B7EB-58DE9DCDE696}.Debug|Any CPU.Build.0 = Debug|Any CPU
		{CD20CCB8-7367-4993-B7EB-58DE9DCDE696}.Release|Any CPU.ActiveCfg = Release|Any CPU
		{CD20CCB8-7367-4993-B7EB-58DE9DCDE696}.Release|Any CPU.Build.0 = Release|Any CPU
		{25B8DF8B-EC1C-4E3C-927A-842A01A1AF7C}.Debug|Any CPU.ActiveCfg = Debug|Any CPU
		{25B8DF8B-EC1C-4E3C-927A-842A01A1AF7C}.Debug|Any CPU.Build.0 = Debug|Any CPU
		{25B8DF8B-EC1C-4E3C-927A-842A01A1AF7C}.Release|Any CPU.ActiveCfg = Release|Any CPU
		{25B8DF8B-EC1C-4E3C-927A-842A01A1AF7C}.Release|Any CPU.Build.0 = Release|Any CPU
	EndGlobalSection
	GlobalSection(SolutionProperties) = preSolution
		HideSolutionNode = FALSE
	EndGlobalSection
	GlobalSection(ExtensibilityGlobals) = postSolution
		SolutionGuid = {0CA9CCED-769F-427A-8DB9-F0BF45ADCF4A}
	EndGlobalSection
EndGlobal
